
Microsoft Visual Studio Solution File, Format Version 12.00
# Visual Studio Version 16
VisualStudioVersion = 16.0.31129.286
MinimumVisualStudioVersion = 10.0.40219.1
Project("{9A19103F-16F7-4668-BE54-9A1E7A4F7556}") = "BL", "BL\BL.csproj", "{308293A0-9FA2-4DC2-A294-ADEFB9EEAAFD}"
EndProject
Project("{9A19103F-16F7-4668-BE54-9A1E7A4F7556}") = "DAL", "DAL\DAL.csproj", "{93811851-53FA-40E0-B2AA-CDDC6677FB47}"
EndProject
Project("{9A19103F-16F7-4668-BE54-9A1E7A4F7556}") = "API", "API\API.csproj", "{F127F337-3D4A-4911-ABB2-9D0799A42919}"
EndProject
Global
	GlobalSection(SolutionConfigurationPlatforms) = preSolution
		Debug|Any CPU = Debug|Any CPU
		Release|Any CPU = Release|Any CPU
	EndGlobalSection
	GlobalSection(ProjectConfigurationPlatforms) = postSolution
		{308293A0-9FA2-4DC2-A294-ADEFB9EEAAFD}.Debug|Any CPU.ActiveCfg = Debug|Any CPU
		{308293A0-9FA2-4DC2-A294-ADEFB9EEAAFD}.Debug|Any CPU.Build.0 = Debug|Any CPU
		{308293A0-9FA2-4DC2-A294-ADEFB9EEAAFD}.Release|Any CPU.ActiveCfg = Release|Any CPU
		{308293A0-9FA2-4DC2-A294-ADEFB9EEAAFD}.Release|Any CPU.Build.0 = Release|Any CPU
		{93811851-53FA-40E0-B2AA-CDDC6677FB47}.Debug|Any CPU.ActiveCfg = Debug|Any CPU
		{93811851-53FA-40E0-B2AA-CDDC6677FB47}.Debug|Any CPU.Build.0 = Debug|Any CPU
		{93811851-53FA-40E0-B2AA-CDDC6677FB47}.Release|Any CPU.ActiveCfg = Release|Any CPU
		{93811851-53FA-40E0-B2AA-CDDC6677FB47}.Release|Any CPU.Build.0 = Release|Any CPU
		{F127F337-3D4A-4911-ABB2-9D0799A42919}.Debug|Any CPU.ActiveCfg = Debug|Any CPU
		{F127F337-3D4A-4911-ABB2-9D0799A42919}.Debug|Any CPU.Build.0 = Debug|Any CPU
		{F127F337-3D4A-4911-ABB2-9D0799A42919}.Release|Any CPU.ActiveCfg = Release|Any CPU
		{F127F337-3D4A-4911-ABB2-9D0799A42919}.Release|Any CPU.Build.0 = Release|Any CPU
	EndGlobalSection
	GlobalSection(SolutionProperties) = preSolution
		HideSolutionNode = FALSE
	EndGlobalSection
	GlobalSection(ExtensibilityGlobals) = postSolution
		SolutionGuid = {A5E40C15-F371-4812-895C-AB2E6639053A}
	EndGlobalSection
EndGlobal
